
Microsoft Visual Studio Solution File, Format Version 12.00
# Visual Studio 15
VisualStudioVersion = 15.0.28010.2026
MinimumVisualStudioVersion = 10.0.40219.1
Project("{FAE04EC0-301F-11D3-BF4B-00C04F79EFBC}") = "HotelApp", "HotelApp\HotelApp.csproj", "{B600299E-25CA-41F4-B297-F6451E31FE0F}"
EndProject
Global
	GlobalSection(SolutionConfigurationPlatforms) = preSolution
		Debug|Any CPU = Debug|Any CPU
		Release|Any CPU = Release|Any CPU
	EndGlobalSection
	GlobalSection(ProjectConfigurationPlatforms) = postSolution
		{B600299E-25CA-41F4-B297-F6451E31FE0F}.Debug|Any CPU.ActiveCfg = Debug|Any CPU
		{B600299E-25CA-41F4-B297-F6451E31FE0F}.Debug|Any CPU.Build.0 = Debug|Any CPU
		{B600299E-25CA-41F4-B297-F6451E31FE0F}.Release|Any CPU.ActiveCfg = Release|Any CPU
		{B600299E-25CA-41F4-B297-F6451E31FE0F}.Release|Any CPU.Build.0 = Release|Any CPU
	EndGlobalSection
	GlobalSection(SolutionProperties) = preSolution
		HideSolutionNode = FALSE
	EndGlobalSection
	GlobalSection(ExtensibilityGlobals) = postSolution
		SolutionGuid = {98A0AB1D-C989-4F48-A37E-1EC79BACDA8E}
	EndGlobalSection
EndGlobal
